
Microsoft Visual Studio Solution File, Format Version 12.00
# Visual Studio Version 16
VisualStudioVersion = 16.0.30225.117
MinimumVisualStudioVersion = 10.0.40219.1
Project("{9A19103F-16F7-4668-BE54-9A1E7A4F7556}") = "Entities", "Entities\Entities.csproj", "{1341B5BF-1648-4806-97D8-089DBBB131F4}"
EndProject
Project("{9A19103F-16F7-4668-BE54-9A1E7A4F7556}") = "DAL", "DAL\DAL.csproj", "{656C2827-0756-4FD6-9C22-04B48C6E957B}"
EndProject
Project("{9A19103F-16F7-4668-BE54-9A1E7A4F7556}") = "BL", "BL\BL.csproj", "{73CBAD3C-1CBE-4D3B-9723-0B6FEACA751F}"
EndProject
Project("{9A19103F-16F7-4668-BE54-9A1E7A4F7556}") = "API", "API\API.csproj", "{4FFE304D-A735-4F8E-9374-B22DEA5A9769}"
EndProject
Project("{FAE04EC0-301F-11D3-BF4B-00C04F79EFBC}") = "UI", "UI\UI.csproj", "{FAAA642E-8086-4625-8A01-EC7BF3A66B51}"
EndProject
Global
	GlobalSection(SolutionConfigurationPlatforms) = preSolution
		Debug|Any CPU = Debug|Any CPU
		Release|Any CPU = Release|Any CPU
	EndGlobalSection
	GlobalSection(ProjectConfigurationPlatforms) = postSolution
		{1341B5BF-1648-4806-97D8-089DBBB131F4}.Debug|Any CPU.ActiveCfg = Debug|Any CPU
		{1341B5BF-1648-4806-97D8-089DBBB131F4}.Debug|Any CPU.Build.0 = Debug|Any CPU
		{1341B5BF-1648-4806-97D8-089DBBB131F4}.Release|Any CPU.ActiveCfg = Release|Any CPU
		{1341B5BF-1648-4806-97D8-089DBBB131F4}.Release|Any CPU.Build.0 = Release|Any CPU
		{656C2827-0756-4FD6-9C22-04B48C6E957B}.Debug|Any CPU.ActiveCfg = Debug|Any CPU
		{656C2827-0756-4FD6-9C22-04B48C6E957B}.Debug|Any CPU.Build.0 = Debug|Any CPU
		{656C2827-0756-4FD6-9C22-04B48C6E957B}.Release|Any CPU.ActiveCfg = Release|Any CPU
		{656C2827-0756-4FD6-9C22-04B48C6E957B}.Release|Any CPU.Build.0 = Release|Any CPU
		{73CBAD3C-1CBE-4D3B-9723-0B6FEACA751F}.Debug|Any CPU.ActiveCfg = Debug|Any CPU
		{73CBAD3C-1CBE-4D3B-9723-0B6FEACA751F}.Debug|Any CPU.Build.0 = Debug|Any CPU
		{73CBAD3C-1CBE-4D3B-9723-0B6FEACA751F}.Release|Any CPU.ActiveCfg = Release|Any CPU
		{73CBAD3C-1CBE-4D3B-9723-0B6FEACA751F}.Release|Any CPU.Build.0 = Release|Any CPU
		{4FFE304D-A735-4F8E-9374-B22DEA5A9769}.Debug|Any CPU.ActiveCfg = Debug|Any CPU
		{4FFE304D-A735-4F8E-9374-B22DEA5A9769}.Debug|Any CPU.Build.0 = Debug|Any CPU
		{4FFE304D-A735-4F8E-9374-B22DEA5A9769}.Release|Any CPU.ActiveCfg = Release|Any CPU
		{4FFE304D-A735-4F8E-9374-B22DEA5A9769}.Release|Any CPU.Build.0 = Release|Any CPU
		{FAAA642E-8086-4625-8A01-EC7BF3A66B51}.Debug|Any CPU.ActiveCfg = Debug|Any CPU
		{FAAA642E-8086-4625-8A01-EC7BF3A66B51}.Debug|Any CPU.Build.0 = Debug|Any CPU
		{FAAA642E-8086-4625-8A01-EC7BF3A66B51}.Release|Any CPU.ActiveCfg = Release|Any CPU
		{FAAA642E-8086-4625-8A01-EC7BF3A66B51}.Release|Any CPU.Build.0 = Release|Any CPU
	EndGlobalSection
	GlobalSection(SolutionProperties) = preSolution
		HideSolutionNode = FALSE
	EndGlobalSection
	GlobalSection(ExtensibilityGlobals) = postSolution
		SolutionGuid = {44C9F7C7-16BE-4EFE-81A3-533DEBE73C84}
	EndGlobalSection
EndGlobal
